
Microsoft Visual Studio Solution File, Format Version 12.00
# Visual Studio Version 17
VisualStudioVersion = 17.4.33103.184
MinimumVisualStudioVersion = 10.0.40219.1
Project("{FAE04EC0-301F-11D3-BF4B-00C04F79EFBC}") = "CleanTheMoneyTakenByNPC", "CleanTheMoneyTakenByNPC.csproj", "{4F3E9F48-6242-4B3B-A0F6-D992C3EC12F1}"
EndProject
Global
	GlobalSection(SolutionConfigurationPlatforms) = preSolution
		Debug|Any CPU = Debug|Any CPU
		Release|Any CPU = Release|Any CPU
	EndGlobalSection
	GlobalSection(ProjectConfigurationPlatforms) = postSolution
		{4F3E9F48-6242-4B3B-A0F6-D992C3EC12F1}.Debug|Any CPU.ActiveCfg = Debug|Any CPU
		{4F3E9F48-6242-4B3B-A0F6-D992C3EC12F1}.Debug|Any CPU.Build.0 = Debug|Any CPU
		{4F3E9F48-6242-4B3B-A0F6-D992C3EC12F1}.Release|Any CPU.ActiveCfg = Release|Any CPU
		{4F3E9F48-6242-4B3B-A0F6-D992C3EC12F1}.Release|Any CPU.Build.0 = Release|Any CPU
	EndGlobalSection
	GlobalSection(SolutionProperties) = preSolution
		HideSolutionNode = FALSE
	EndGlobalSection
	GlobalSection(ExtensibilityGlobals) = postSolution
		SolutionGuid = {01124278-49D0-4145-8B38-FAFDC6A3BCAE}
	EndGlobalSection
EndGlobal
